// !$*UTF8*$!
{
	archiveVersion = 1;
	classes = {
	};
	objectVersion = 46;
	objects = {

/* Begin PBXBuildFile section */
		A448B4381DCB817500A1D1EB /* HotCell.swift in Sources */ = {isa = PBXBuildFile; fileRef = A448B4371DCB817500A1D1EB /* HotCell.swift */; };
		A448B43A1DCB818F00A1D1EB /* PrettyCell.swift in Sources */ = {isa = PBXBuildFile; fileRef = A448B4391DCB818F00A1D1EB /* PrettyCell.swift */; };
		A448B43C1DCC189800A1D1EB /* CollectionViewHeaderView.swift in Sources */ = {isa = PBXBuildFile; fileRef = A448B43B1DCC189800A1D1EB /* CollectionViewHeaderView.swift */; };
		A46F910A1DCD935800E402DC /* RecommandViewModel.swift in Sources */ = {isa = PBXBuildFile; fileRef = A46F91091DCD935800E402DC /* RecommandViewModel.swift */; };
		A46F910C1DCD950800E402DC /* Date+Extension.swift in Sources */ = {isa = PBXBuildFile; fileRef = A46F910B1DCD950800E402DC /* Date+Extension.swift */; };
		A46F910E1DCF352500E402DC /* AnchorModel.swift in Sources */ = {isa = PBXBuildFile; fileRef = A46F910D1DCF352500E402DC /* AnchorModel.swift */; };
		A46F91101DCF35FD00E402DC /* AnchorGroup.swift in Sources */ = {isa = PBXBuildFile; fileRef = A46F910F1DCF35FD00E402DC /* AnchorGroup.swift */; };
		A46F916E1DD00DFA00E402DC /* libsqlite3.0.tbd in Frameworks */ = {isa = PBXBuildFile; fileRef = A46F916D1DD00DFA00E402DC /* libsqlite3.0.tbd */; };
		A46F91B01DD011BB00E402DC /* FMDatabase.m in Sources */ = {isa = PBXBuildFile; fileRef = A46F91A61DD011BB00E402DC /* FMDatabase.m */; };
		A46F91B11DD011BB00E402DC /* FMDatabaseAdditions.m in Sources */ = {isa = PBXBuildFile; fileRef = A46F91A81DD011BB00E402DC /* FMDatabaseAdditions.m */; };
		A46F91B21DD011BB00E402DC /* FMDatabasePool.m in Sources */ = {isa = PBXBuildFile; fileRef = A46F91AA1DD011BB00E402DC /* FMDatabasePool.m */; };
		A46F91B31DD011BB00E402DC /* FMDatabaseQueue.m in Sources */ = {isa = PBXBuildFile; fileRef = A46F91AC1DD011BB00E402DC /* FMDatabaseQueue.m */; };
		A46F91B41DD011BB00E402DC /* FMResultSet.m in Sources */ = {isa = PBXBuildFile; fileRef = A46F91AF1DD011BB00E402DC /* FMResultSet.m */; };
		A478E8051DBA33F800DE704F /* PageContentView.swift in Sources */ = {isa = PBXBuildFile; fileRef = A478E8041DBA33F800DE704F /* PageContentView.swift */; };
		A486A3181DD0154D008B4E5E /* PYCacheTool.swift in Sources */ = {isa = PBXBuildFile; fileRef = A486A3171DD0154D008B4E5E /* PYCacheTool.swift */; };
		A48C7E8D1DB78C560079E2CC /* UIView+Extension.swift in Sources */ = {isa = PBXBuildFile; fileRef = A48C7E8C1DB78C560079E2CC /* UIView+Extension.swift */; };
		A48C7E8F1DB78F7B0079E2CC /* UIBarButtonItem+Extension.swift in Sources */ = {isa = PBXBuildFile; fileRef = A48C7E8E1DB78F7B0079E2CC /* UIBarButtonItem+Extension.swift */; };
		A48C7E911DB7D3EB0079E2CC /* TestView.swift in Sources */ = {isa = PBXBuildFile; fileRef = A48C7E901DB7D3EB0079E2CC /* TestView.swift */; };
		A4AB6D6B1DC4511E007ED994 /* RecomandController.swift in Sources */ = {isa = PBXBuildFile; fileRef = A4AB6D6A1DC4511E007ED994 /* RecomandController.swift */; };
		A4B75FE21DBCBBB30017570B /* PageCollectionViewCell.swift in Sources */ = {isa = PBXBuildFile; fileRef = A4B75FE11DBCBBB30017570B /* PageCollectionViewCell.swift */; };
		A4BBE7921DA8C6CE00ED3CF2 /* AppDelegate.swift in Sources */ = {isa = PBXBuildFile; fileRef = A4BBE7911DA8C6CE00ED3CF2 /* AppDelegate.swift */; };
		A4BBE7991DA8C6CE00ED3CF2 /* Assets.xcassets in Resources */ = {isa = PBXBuildFile; fileRef = A4BBE7981DA8C6CE00ED3CF2 /* Assets.xcassets */; };
		A4BBE7B81DA8C9A500ED3CF2 /* PFBaseController.swift in Sources */ = {isa = PBXBuildFile; fileRef = A4BBE7B71DA8C9A500ED3CF2 /* PFBaseController.swift */; };
		A4BBE7BA1DA8C9B800ED3CF2 /* PFTabBarController.swift in Sources */ = {isa = PBXBuildFile; fileRef = A4BBE7B91DA8C9B800ED3CF2 /* PFTabBarController.swift */; };
		A4BBE7BC1DA8C9D000ED3CF2 /* HomeController.swift in Sources */ = {isa = PBXBuildFile; fileRef = A4BBE7BB1DA8C9D000ED3CF2 /* HomeController.swift */; };
		A4BBE7BE1DA8C9E700ED3CF2 /* PFNavigationController.swift in Sources */ = {isa = PBXBuildFile; fileRef = A4BBE7BD1DA8C9E700ED3CF2 /* PFNavigationController.swift */; };
		A4BBE7C51DA8DBAE00ED3CF2 /* btn_home_normal@2x.png in Resources */ = {isa = PBXBuildFile; fileRef = A4BBE7C11DA8DBAE00ED3CF2 /* btn_home_normal@2x.png */; };
		A4BBE7C61DA8DBAE00ED3CF2 /* btn_home_normal@3x.png in Resources */ = {isa = PBXBuildFile; fileRef = A4BBE7C21DA8DBAE00ED3CF2 /* btn_home_normal@3x.png */; };
		A4BBE7C71DA8DBAE00ED3CF2 /* btn_home_selected@2x.png in Resources */ = {isa = PBXBuildFile; fileRef = A4BBE7C31DA8DBAE00ED3CF2 /* btn_home_selected@2x.png */; };
		A4BBE7C81DA8DBAE00ED3CF2 /* btn_home_selected@3x.png in Resources */ = {isa = PBXBuildFile; fileRef = A4BBE7C41DA8DBAE00ED3CF2 /* btn_home_selected@3x.png */; };
		A4BBE7CD1DA8DC4C00ED3CF2 /* btn_column_normal@2x.png in Resources */ = {isa = PBXBuildFile; fileRef = A4BBE7C91DA8DC4C00ED3CF2 /* btn_column_normal@2x.png */; };
		A4BBE7CE1DA8DC4C00ED3CF2 /* btn_column_normal@3x.png in Resources */ = {isa = PBXBuildFile; fileRef = A4BBE7CA1DA8DC4C00ED3CF2 /* btn_column_normal@3x.png */; };
		A4BBE7CF1DA8DC4C00ED3CF2 /* btn_column_selected@2x.png in Resources */ = {isa = PBXBuildFile; fileRef = A4BBE7CB1DA8DC4C00ED3CF2 /* btn_column_selected@2x.png */; };
		A4BBE7D01DA8DC4C00ED3CF2 /* btn_column_selected@3x.png in Resources */ = {isa = PBXBuildFile; fileRef = A4BBE7CC1DA8DC4C00ED3CF2 /* btn_column_selected@3x.png */; };
		A4BBE7D51DA8DC9A00ED3CF2 /* btn_user_normal@2x.png in Resources */ = {isa = PBXBuildFile; fileRef = A4BBE7D11DA8DC9A00ED3CF2 /* btn_user_normal@2x.png */; };
		A4BBE7D61DA8DC9A00ED3CF2 /* btn_user_normal@3x.png in Resources */ = {isa = PBXBuildFile; fileRef = A4BBE7D21DA8DC9A00ED3CF2 /* btn_user_normal@3x.png */; };
		A4BBE7D71DA8DC9A00ED3CF2 /* btn_user_selected@2x.png in Resources */ = {isa = PBXBuildFile; fileRef = A4BBE7D31DA8DC9A00ED3CF2 /* btn_user_selected@2x.png */; };
		A4BBE7D81DA8DC9A00ED3CF2 /* btn_user_selected@3x.png in Resources */ = {isa = PBXBuildFile; fileRef = A4BBE7D41DA8DC9A00ED3CF2 /* btn_user_selected@3x.png */; };
		A4BBE7DD1DA8DD1600ED3CF2 /* btn_l_attention_selected@2x.png in Resources */ = {isa = PBXBuildFile; fileRef = A4BBE7D91DA8DD1600ED3CF2 /* btn_l_attention_selected@2x.png */; };
		A4BBE7DE1DA8DD1600ED3CF2 /* btn_l_attention_selected@3x.png in Resources */ = {isa = PBXBuildFile; fileRef = A4BBE7DA1DA8DD1600ED3CF2 /* btn_l_attention_selected@3x.png */; };
		A4BBE7DF1DA8DD1600ED3CF2 /* btn_l_attention_normal@2x.png in Resources */ = {isa = PBXBuildFile; fileRef = A4BBE7DB1DA8DD1600ED3CF2 /* btn_l_attention_normal@2x.png */; };
		A4BBE7E01DA8DD1600ED3CF2 /* btn_l_attention_normal@3x.png in Resources */ = {isa = PBXBuildFile; fileRef = A4BBE7DC1DA8DD1600ED3CF2 /* btn_l_attention_normal@3x.png */; };
		A4BBE7E21DA9155000ED3CF2 /* BroadCastController.swift in Sources */ = {isa = PBXBuildFile; fileRef = A4BBE7E11DA9155000ED3CF2 /* BroadCastController.swift */; };
		A4BBE7E41DA9156400ED3CF2 /* AttentionController.swift in Sources */ = {isa = PBXBuildFile; fileRef = A4BBE7E31DA9156400ED3CF2 /* AttentionController.swift */; };
		A4BBE7E61DA9157100ED3CF2 /* MineController.swift in Sources */ = {isa = PBXBuildFile; fileRef = A4BBE7E51DA9157100ED3CF2 /* MineController.swift */; };
		A4BBE7E91DA93C1700ED3CF2 /* UIBarButtonItem-Extension.swift in Sources */ = {isa = PBXBuildFile; fileRef = A4BBE7E81DA93C1700ED3CF2 /* UIBarButtonItem-Extension.swift */; };
		A4EE6CF61DC8D9C500B96C8D /* PYNetworkTool.swift in Sources */ = {isa = PBXBuildFile; fileRef = A4EE6CF51DC8D9C500B96C8D /* PYNetworkTool.swift */; };
		E3FB1FF9E1165F6BAC6CC84E /* Pods_PlayFish.framework in Frameworks */ = {isa = PBXBuildFile; fileRef = 7252F647778844739FD882BE /* Pods_PlayFish.framework */; };
/* End PBXBuildFile section */

/* Begin PBXFileReference section */
		7252F647778844739FD882BE /* Pods_PlayFish.framework */ = {isa = PBXFileReference; explicitFileType = wrapper.framework; includeInIndex = 0; path = Pods_PlayFish.framework; sourceTree = BUILT_PRODUCTS_DIR; };
		A448B4371DCB817500A1D1EB /* HotCell.swift */ = {isa = PBXFileReference; fileEncoding = 4; lastKnownFileType = sourcecode.swift; path = HotCell.swift; sourceTree = "<group>"; };
		A448B4391DCB818F00A1D1EB /* PrettyCell.swift */ = {isa = PBXFileReference; fileEncoding = 4; lastKnownFileType = sourcecode.swift; path = PrettyCell.swift; sourceTree = "<group>"; };
		A448B43B1DCC189800A1D1EB /* CollectionViewHeaderView.swift */ = {isa = PBXFileReference; fileEncoding = 4; lastKnownFileType = sourcecode.swift; path = CollectionViewHeaderView.swift; sourceTree = "<group>"; };
		A46F91091DCD935800E402DC /* RecommandViewModel.swift */ = {isa = PBXFileReference; fileEncoding = 4; lastKnownFileType = sourcecode.swift; path = RecommandViewModel.swift; sourceTree = "<group>"; };
		A46F910B1DCD950800E402DC /* Date+Extension.swift */ = {isa = PBXFileReference; fileEncoding = 4; lastKnownFileType = sourcecode.swift; path = "Date+Extension.swift"; sourceTree = "<group>"; };
		A46F910D1DCF352500E402DC /* AnchorModel.swift */ = {isa = PBXFileReference; fileEncoding = 4; lastKnownFileType = sourcecode.swift; path = AnchorModel.swift; sourceTree = "<group>"; };
		A46F910F1DCF35FD00E402DC /* AnchorGroup.swift */ = {isa = PBXFileReference; fileEncoding = 4; lastKnownFileType = sourcecode.swift; path = AnchorGroup.swift; sourceTree = "<group>"; };
		A46F916D1DD00DFA00E402DC /* libsqlite3.0.tbd */ = {isa = PBXFileReference; lastKnownFileType = "sourcecode.text-based-dylib-definition"; name = libsqlite3.0.tbd; path = usr/lib/libsqlite3.0.tbd; sourceTree = SDKROOT; };
		A46F91A51DD011BB00E402DC /* FMDatabase.h */ = {isa = PBXFileReference; fileEncoding = 4; lastKnownFileType = sourcecode.c.h; path = FMDatabase.h; sourceTree = "<group>"; };
		A46F91A61DD011BB00E402DC /* FMDatabase.m */ = {isa = PBXFileReference; fileEncoding = 4; lastKnownFileType = sourcecode.c.objc; path = FMDatabase.m; sourceTree = "<group>"; };
		A46F91A71DD011BB00E402DC /* FMDatabaseAdditions.h */ = {isa = PBXFileReference; fileEncoding = 4; lastKnownFileType = sourcecode.c.h; path = FMDatabaseAdditions.h; sourceTree = "<group>"; };
		A46F91A81DD011BB00E402DC /* FMDatabaseAdditions.m */ = {isa = PBXFileReference; fileEncoding = 4; lastKnownFileType = sourcecode.c.objc; path = FMDatabaseAdditions.m; sourceTree = "<group>"; };
		A46F91A91DD011BB00E402DC /* FMDatabasePool.h */ = {isa = PBXFileReference; fileEncoding = 4; lastKnownFileType = sourcecode.c.h; path = FMDatabasePool.h; sourceTree = "<group>"; };
		A46F91AA1DD011BB00E402DC /* FMDatabasePool.m */ = {isa = PBXFileReference; fileEncoding = 4; lastKnownFileType = sourcecode.c.objc; path = FMDatabasePool.m; sourceTree = "<group>"; };
		A46F91AB1DD011BB00E402DC /* FMDatabaseQueue.h */ = {isa = PBXFileReference; fileEncoding = 4; lastKnownFileType = sourcecode.c.h; path = FMDatabaseQueue.h; sourceTree = "<group>"; };
		A46F91AC1DD011BB00E402DC /* FMDatabaseQueue.m */ = {isa = PBXFileReference; fileEncoding = 4; lastKnownFileType = sourcecode.c.objc; path = FMDatabaseQueue.m; sourceTree = "<group>"; };
		A46F91AD1DD011BB00E402DC /* FMDB.h */ = {isa = PBXFileReference; fileEncoding = 4; lastKnownFileType = sourcecode.c.h; path = FMDB.h; sourceTree = "<group>"; };
		A46F91AE1DD011BB00E402DC /* FMResultSet.h */ = {isa = PBXFileReference; fileEncoding = 4; lastKnownFileType = sourcecode.c.h; path = FMResultSet.h; sourceTree = "<group>"; };
		A46F91AF1DD011BB00E402DC /* FMResultSet.m */ = {isa = PBXFileReference; fileEncoding = 4; lastKnownFileType = sourcecode.c.objc; path = FMResultSet.m; sourceTree = "<group>"; };
		A46F91B71DD0123100E402DC /* PlayFish-Bridging-Header.h */ = {isa = PBXFileReference; lastKnownFileType = sourcecode.c.h; path = "PlayFish-Bridging-Header.h"; sourceTree = "<group>"; };
		A478E8041DBA33F800DE704F /* PageContentView.swift */ = {isa = PBXFileReference; fileEncoding = 4; lastKnownFileType = sourcecode.swift; path = PageContentView.swift; sourceTree = "<group>"; };
		A486A3171DD0154D008B4E5E /* PYCacheTool.swift */ = {isa = PBXFileReference; fileEncoding = 4; lastKnownFileType = sourcecode.swift; path = PYCacheTool.swift; sourceTree = "<group>"; };
		A48C7E8C1DB78C560079E2CC /* UIView+Extension.swift */ = {isa = PBXFileReference; fileEncoding = 4; lastKnownFileType = sourcecode.swift; path = "UIView+Extension.swift"; sourceTree = "<group>"; };
		A48C7E8E1DB78F7B0079E2CC /* UIBarButtonItem+Extension.swift */ = {isa = PBXFileReference; fileEncoding = 4; lastKnownFileType = sourcecode.swift; path = "UIBarButtonItem+Extension.swift"; sourceTree = "<group>"; };
		A48C7E901DB7D3EB0079E2CC /* TestView.swift */ = {isa = PBXFileReference; fileEncoding = 4; lastKnownFileType = sourcecode.swift; path = TestView.swift; sourceTree = "<group>"; };
		A4AB6D6A1DC4511E007ED994 /* RecomandController.swift */ = {isa = PBXFileReference; fileEncoding = 4; lastKnownFileType = sourcecode.swift; path = RecomandController.swift; sourceTree = "<group>"; };
		A4B75FE11DBCBBB30017570B /* PageCollectionViewCell.swift */ = {isa = PBXFileReference; fileEncoding = 4; lastKnownFileType = sourcecode.swift; path = PageCollectionViewCell.swift; sourceTree = "<group>"; };
		A4BBE78E1DA8C6CE00ED3CF2 /* PlayFish.app */ = {isa = PBXFileReference; explicitFileType = wrapper.application; includeInIndex = 0; path = PlayFish.app; sourceTree = BUILT_PRODUCTS_DIR; };
		A4BBE7911DA8C6CE00ED3CF2 /* AppDelegate.swift */ = {isa = PBXFileReference; lastKnownFileType = sourcecode.swift; path = AppDelegate.swift; sourceTree = "<group>"; };
		A4BBE7981DA8C6CE00ED3CF2 /* Assets.xcassets */ = {isa = PBXFileReference; lastKnownFileType = folder.assetcatalog; path = Assets.xcassets; sourceTree = "<group>"; };
		A4BBE79D1DA8C6CE00ED3CF2 /* Info.plist */ = {isa = PBXFileReference; lastKnownFileType = text.plist.xml; path = Info.plist; sourceTree = "<group>"; };
		A4BBE7B71DA8C9A500ED3CF2 /* PFBaseController.swift */ = {isa = PBXFileReference; fileEncoding = 4; lastKnownFileType = sourcecode.swift; path = PFBaseController.swift; sourceTree = "<group>"; };
		A4BBE7B91DA8C9B800ED3CF2 /* PFTabBarController.swift */ = {isa = PBXFileReference; fileEncoding = 4; lastKnownFileType = sourcecode.swift; path = PFTabBarController.swift; sourceTree = "<group>"; };
		A4BBE7BB1DA8C9D000ED3CF2 /* HomeController.swift */ = {isa = PBXFileReference; fileEncoding = 4; lastKnownFileType = sourcecode.swift; path = HomeController.swift; sourceTree = "<group>"; };
		A4BBE7BD1DA8C9E700ED3CF2 /* PFNavigationController.swift */ = {isa = PBXFileReference; fileEncoding = 4; lastKnownFileType = sourcecode.swift; path = PFNavigationController.swift; sourceTree = "<group>"; };
		A4BBE7C11DA8DBAE00ED3CF2 /* btn_home_normal@2x.png */ = {isa = PBXFileReference; lastKnownFileType = image.png; path = "btn_home_normal@2x.png"; sourceTree = "<group>"; };
		A4BBE7C21DA8DBAE00ED3CF2 /* btn_home_normal@3x.png */ = {isa = PBXFileReference; lastKnownFileType = image.png; path = "btn_home_normal@3x.png"; sourceTree = "<group>"; };
		A4BBE7C31DA8DBAE00ED3CF2 /* btn_home_selected@2x.png */ = {isa = PBXFileReference; lastKnownFileType = image.png; path = "btn_home_selected@2x.png"; sourceTree = "<group>"; };
		A4BBE7C41DA8DBAE00ED3CF2 /* btn_home_selected@3x.png */ = {isa = PBXFileReference; lastKnownFileType = image.png; path = "btn_home_selected@3x.png"; sourceTree = "<group>"; };
		A4BBE7C91DA8DC4C00ED3CF2 /* btn_column_normal@2x.png */ = {isa = PBXFileReference; lastKnownFileType = image.png; path = "btn_column_normal@2x.png"; sourceTree = "<group>"; };
		A4BBE7CA1DA8DC4C00ED3CF2 /* btn_column_normal@3x.png */ = {isa = PBXFileReference; lastKnownFileType = image.png; path = "btn_column_normal@3x.png"; sourceTree = "<group>"; };
		A4BBE7CB1DA8DC4C00ED3CF2 /* btn_column_selected@2x.png */ = {isa = PBXFileReference; lastKnownFileType = image.png; path = "btn_column_selected@2x.png"; sourceTree = "<group>"; };
		A4BBE7CC1DA8DC4C00ED3CF2 /* btn_column_selected@3x.png */ = {isa = PBXFileReference; lastKnownFileType = image.png; path = "btn_column_selected@3x.png"; sourceTree = "<group>"; };
		A4BBE7D11DA8DC9A00ED3CF2 /* btn_user_normal@2x.png */ = {isa = PBXFileReference; lastKnownFileType = image.png; path = "btn_user_normal@2x.png"; sourceTree = "<group>"; };
		A4BBE7D21DA8DC9A00ED3CF2 /* btn_user_normal@3x.png */ = {isa = PBXFileReference; lastKnownFileType = image.png; path = "btn_user_normal@3x.png"; sourceTree = "<group>"; };
		A4BBE7D31DA8DC9A00ED3CF2 /* btn_user_selected@2x.png */ = {isa = PBXFileReference; lastKnownFileType = image.png; path = "btn_user_selected@2x.png"; sourceTree = "<group>"; };
		A4BBE7D41DA8DC9A00ED3CF2 /* btn_user_selected@3x.png */ = {isa = PBXFileReference; lastKnownFileType = image.png; path = "btn_user_selected@3x.png"; sourceTree = "<group>"; };
		A4BBE7D91DA8DD1600ED3CF2 /* btn_l_attention_selected@2x.png */ = {isa = PBXFileReference; lastKnownFileType = image.png; path = "btn_l_attention_selected@2x.png"; sourceTree = "<group>"; };
		A4BBE7DA1DA8DD1600ED3CF2 /* btn_l_attention_selected@3x.png */ = {isa = PBXFileReference; lastKnownFileType = image.png; path = "btn_l_attention_selected@3x.png"; sourceTree = "<group>"; };
		A4BBE7DB1DA8DD1600ED3CF2 /* btn_l_attention_normal@2x.png */ = {isa = PBXFileReference; lastKnownFileType = image.png; path = "btn_l_attention_normal@2x.png"; sourceTree = "<group>"; };
		A4BBE7DC1DA8DD1600ED3CF2 /* btn_l_attention_normal@3x.png */ = {isa = PBXFileReference; lastKnownFileType = image.png; path = "btn_l_attention_normal@3x.png"; sourceTree = "<group>"; };
		A4BBE7E11DA9155000ED3CF2 /* BroadCastController.swift */ = {isa = PBXFileReference; fileEncoding = 4; lastKnownFileType = sourcecode.swift; path = BroadCastController.swift; sourceTree = "<group>"; };
		A4BBE7E31DA9156400ED3CF2 /* AttentionController.swift */ = {isa = PBXFileReference; fileEncoding = 4; lastKnownFileType = sourcecode.swift; path = AttentionController.swift; sourceTree = "<group>"; };
		A4BBE7E51DA9157100ED3CF2 /* MineController.swift */ = {isa = PBXFileReference; fileEncoding = 4; lastKnownFileType = sourcecode.swift; path = MineController.swift; sourceTree = "<group>"; };
		A4BBE7E81DA93C1700ED3CF2 /* UIBarButtonItem-Extension.swift */ = {isa = PBXFileReference; fileEncoding = 4; lastKnownFileType = sourcecode.swift; path = "UIBarButtonItem-Extension.swift"; sourceTree = "<group>"; };
		A4EE6CF51DC8D9C500B96C8D /* PYNetworkTool.swift */ = {isa = PBXFileReference; fileEncoding = 4; lastKnownFileType = sourcecode.swift; path = PYNetworkTool.swift; sourceTree = "<group>"; };
		E1EB7E68472299BB5F3B9571 /* Pods-PlayFish.debug.xcconfig */ = {isa = PBXFileReference; includeInIndex = 1; lastKnownFileType = text.xcconfig; name = "Pods-PlayFish.debug.xcconfig"; path = "Pods/Target Support Files/Pods-PlayFish/Pods-PlayFish.debug.xcconfig"; sourceTree = "<group>"; };
		E290CAB06BC71ED48E9A2109 /* Pods-PlayFish.release.xcconfig */ = {isa = PBXFileReference; includeInIndex = 1; lastKnownFileType = text.xcconfig; name = "Pods-PlayFish.release.xcconfig"; path = "Pods/Target Support Files/Pods-PlayFish/Pods-PlayFish.release.xcconfig"; sourceTree = "<group>"; };
/* End PBXFileReference section */

/* Begin PBXFrameworksBuildPhase section */
		A4BBE78B1DA8C6CE00ED3CF2 /* Frameworks */ = {
			isa = PBXFrameworksBuildPhase;
			buildActionMask = 2147483647;
			files = (
				A46F916E1DD00DFA00E402DC /* libsqlite3.0.tbd in Frameworks */,
				E3FB1FF9E1165F6BAC6CC84E /* Pods_PlayFish.framework in Frameworks */,
			);
			runOnlyForDeploymentPostprocessing = 0;
		};
/* End PBXFrameworksBuildPhase section */

/* Begin PBXGroup section */
		36B28D274B6EC993F34AD504 /* Pods */ = {
			isa = PBXGroup;
			children = (
				E1EB7E68472299BB5F3B9571 /* Pods-PlayFish.debug.xcconfig */,
				E290CAB06BC71ED48E9A2109 /* Pods-PlayFish.release.xcconfig */,
			);
			name = Pods;
			sourceTree = "<group>";
		};
		A448B4361DCB811500A1D1EB /* HomeViewModel */ = {
			isa = PBXGroup;
			children = (
				A46F91091DCD935800E402DC /* RecommandViewModel.swift */,
			);
			path = HomeViewModel;
			sourceTree = "<group>";
		};
		A46F91A41DD011BB00E402DC /* fmdb */ = {
			isa = PBXGroup;
			children = (
				A46F91A51DD011BB00E402DC /* FMDatabase.h */,
				A46F91A61DD011BB00E402DC /* FMDatabase.m */,
				A46F91A71DD011BB00E402DC /* FMDatabaseAdditions.h */,
				A46F91A81DD011BB00E402DC /* FMDatabaseAdditions.m */,
				A46F91A91DD011BB00E402DC /* FMDatabasePool.h */,
				A46F91AA1DD011BB00E402DC /* FMDatabasePool.m */,
				A46F91AB1DD011BB00E402DC /* FMDatabaseQueue.h */,
				A46F91AC1DD011BB00E402DC /* FMDatabaseQueue.m */,
				A46F91AD1DD011BB00E402DC /* FMDB.h */,
				A46F91AE1DD011BB00E402DC /* FMResultSet.h */,
				A46F91AF1DD011BB00E402DC /* FMResultSet.m */,
			);
			path = fmdb;
			sourceTree = "<group>";
		};
		A48C7E8B1DB78C1B0079E2CC /* Extension */ = {
			isa = PBXGroup;
			children = (
				A48C7E8C1DB78C560079E2CC /* UIView+Extension.swift */,
				A48C7E8E1DB78F7B0079E2CC /* UIBarButtonItem+Extension.swift */,
				A46F910B1DCD950800E402DC /* Date+Extension.swift */,
			);
			path = Extension;
			sourceTree = "<group>";
		};
		A4BBE7851DA8C6CD00ED3CF2 = {
			isa = PBXGroup;
			children = (
				A4BBE7901DA8C6CE00ED3CF2 /* PlayFish */,
				A4BBE78F1DA8C6CE00ED3CF2 /* Products */,
				36B28D274B6EC993F34AD504 /* Pods */,
				D1A9BFEB266C9E7671AB26E5 /* Frameworks */,
			);
			sourceTree = "<group>";
		};
		A4BBE78F1DA8C6CE00ED3CF2 /* Products */ = {
			isa = PBXGroup;
			children = (
				A4BBE78E1DA8C6CE00ED3CF2 /* PlayFish.app */,
			);
			name = Products;
			sourceTree = "<group>";
		};
		A4BBE7901DA8C6CE00ED3CF2 /* PlayFish */ = {
			isa = PBXGroup;
			children = (
				A46F91A41DD011BB00E402DC /* fmdb */,
				A4BBE7C01DA8DB7A00ED3CF2 /* Source */,
				A4BBE7A31DA8C72000ED3CF2 /* Home */,
				A4BBE7A71DA8C72000ED3CF2 /* BroadCast */,
				A4BBE7AB1DA8C72000ED3CF2 /* Attention */,
				A4BBE7AF1DA8C72000ED3CF2 /* Mine */,
				A4BBE7B31DA8C72000ED3CF2 /* Main */,
				A48C7E8B1DB78C1B0079E2CC /* Extension */,
				A4BBE7911DA8C6CE00ED3CF2 /* AppDelegate.swift */,
				A4BBE7981DA8C6CE00ED3CF2 /* Assets.xcassets */,
				A4BBE7E71DA93BFB00ED3CF2 /* Tool */,
				A4BBE79D1DA8C6CE00ED3CF2 /* Info.plist */,
			);
			path = PlayFish;
			sourceTree = "<group>";
		};
		A4BBE7A31DA8C72000ED3CF2 /* Home */ = {
			isa = PBXGroup;
			children = (
				A448B4361DCB811500A1D1EB /* HomeViewModel */,
				A4BBE7A41DA8C72000ED3CF2 /* Controller */,
				A4BBE7A51DA8C72000ED3CF2 /* Model */,
				A4BBE7A61DA8C72000ED3CF2 /* View */,
			);
			path = Home;
			sourceTree = "<group>";
		};
		A4BBE7A41DA8C72000ED3CF2 /* Controller */ = {
			isa = PBXGroup;
			children = (
				A4BBE7BB1DA8C9D000ED3CF2 /* HomeController.swift */,
				A4AB6D6A1DC4511E007ED994 /* RecomandController.swift */,
			);
			path = Controller;
			sourceTree = "<group>";
		};
		A4BBE7A51DA8C72000ED3CF2 /* Model */ = {
			isa = PBXGroup;
			children = (
				A46F910D1DCF352500E402DC /* AnchorModel.swift */,
				A46F910F1DCF35FD00E402DC /* AnchorGroup.swift */,
			);
			path = Model;
			sourceTree = "<group>";
		};
		A4BBE7A61DA8C72000ED3CF2 /* View */ = {
			isa = PBXGroup;
			children = (
				A48C7E901DB7D3EB0079E2CC /* TestView.swift */,
				A478E8041DBA33F800DE704F /* PageContentView.swift */,
				A4B75FE11DBCBBB30017570B /* PageCollectionViewCell.swift */,
				A448B4371DCB817500A1D1EB /* HotCell.swift */,
				A448B4391DCB818F00A1D1EB /* PrettyCell.swift */,
				A448B43B1DCC189800A1D1EB /* CollectionViewHeaderView.swift */,
			);
			path = View;
			sourceTree = "<group>";
		};
		A4BBE7A71DA8C72000ED3CF2 /* BroadCast */ = {
			isa = PBXGroup;
			children = (
				A4BBE7A81DA8C72000ED3CF2 /* Controller */,
				A4BBE7A91DA8C72000ED3CF2 /* Model */,
				A4BBE7AA1DA8C72000ED3CF2 /* View */,
			);
			path = BroadCast;
			sourceTree = "<group>";
		};
		A4BBE7A81DA8C72000ED3CF2 /* Controller */ = {
			isa = PBXGroup;
			children = (
				A4BBE7E11DA9155000ED3CF2 /* BroadCastController.swift */,
			);
			path = Controller;
			sourceTree = "<group>";
		};
		A4BBE7A91DA8C72000ED3CF2 /* Model */ = {
			isa = PBXGroup;
			children = (
			);
			path = Model;
			sourceTree = "<group>";
		};
		A4BBE7AA1DA8C72000ED3CF2 /* View */ = {
			isa = PBXGroup;
			children = (
			);
			path = View;
			sourceTree = "<group>";
		};
		A4BBE7AB1DA8C72000ED3CF2 /* Attention */ = {
			isa = PBXGroup;
			children = (
				A4BBE7AC1DA8C72000ED3CF2 /* Controller */,
				A4BBE7AD1DA8C72000ED3CF2 /* Model */,
				A4BBE7AE1DA8C72000ED3CF2 /* View */,
			);
			path = Attention;
			sourceTree = "<group>";
		};
		A4BBE7AC1DA8C72000ED3CF2 /* Controller */ = {
			isa = PBXGroup;
			children = (
				A4BBE7E31DA9156400ED3CF2 /* AttentionController.swift */,
			);
			path = Controller;
			sourceTree = "<group>";
		};
		A4BBE7AD1DA8C72000ED3CF2 /* Model */ = {
			isa = PBXGroup;
			children = (
			);
			path = Model;
			sourceTree = "<group>";
		};
		A4BBE7AE1DA8C72000ED3CF2 /* View */ = {
			isa = PBXGroup;
			children = (
			);
			path = View;
			sourceTree = "<group>";
		};
		A4BBE7AF1DA8C72000ED3CF2 /* Mine */ = {
			isa = PBXGroup;
			children = (
				A4BBE7B01DA8C72000ED3CF2 /* Controller */,
				A4BBE7B11DA8C72000ED3CF2 /* Model */,
				A4BBE7B21DA8C72000ED3CF2 /* View */,
			);
			path = Mine;
			sourceTree = "<group>";
		};
		A4BBE7B01DA8C72000ED3CF2 /* Controller */ = {
			isa = PBXGroup;
			children = (
				A4BBE7E51DA9157100ED3CF2 /* MineController.swift */,
			);
			path = Controller;
			sourceTree = "<group>";
		};
		A4BBE7B11DA8C72000ED3CF2 /* Model */ = {
			isa = PBXGroup;
			children = (
			);
			path = Model;
			sourceTree = "<group>";
		};
		A4BBE7B21DA8C72000ED3CF2 /* View */ = {
			isa = PBXGroup;
			children = (
			);
			path = View;
			sourceTree = "<group>";
		};
		A4BBE7B31DA8C72000ED3CF2 /* Main */ = {
			isa = PBXGroup;
			children = (
				A4EE6CF41DC8D99900B96C8D /* Tools */,
				A4BBE7B41DA8C72000ED3CF2 /* Controller */,
				A4BBE7B51DA8C72000ED3CF2 /* Model */,
				A4BBE7B61DA8C72000ED3CF2 /* View */,
			);
			path = Main;
			sourceTree = "<group>";
		};
		A4BBE7B41DA8C72000ED3CF2 /* Controller */ = {
			isa = PBXGroup;
			children = (
				A4BBE7B71DA8C9A500ED3CF2 /* PFBaseController.swift */,
				A4BBE7B91DA8C9B800ED3CF2 /* PFTabBarController.swift */,
				A4BBE7BD1DA8C9E700ED3CF2 /* PFNavigationController.swift */,
			);
			path = Controller;
			sourceTree = "<group>";
		};
		A4BBE7B51DA8C72000ED3CF2 /* Model */ = {
			isa = PBXGroup;
			children = (
			);
			path = Model;
			sourceTree = "<group>";
		};
		A4BBE7B61DA8C72000ED3CF2 /* View */ = {
			isa = PBXGroup;
			children = (
			);
			path = View;
			sourceTree = "<group>";
		};
		A4BBE7C01DA8DB7A00ED3CF2 /* Source */ = {
			isa = PBXGroup;
			children = (
				A4BBE7D91DA8DD1600ED3CF2 /* btn_l_attention_selected@2x.png */,
				A4BBE7DA1DA8DD1600ED3CF2 /* btn_l_attention_selected@3x.png */,
				A4BBE7DB1DA8DD1600ED3CF2 /* btn_l_attention_normal@2x.png */,
				A4BBE7DC1DA8DD1600ED3CF2 /* btn_l_attention_normal@3x.png */,
				A4BBE7D11DA8DC9A00ED3CF2 /* btn_user_normal@2x.png */,
				A4BBE7D21DA8DC9A00ED3CF2 /* btn_user_normal@3x.png */,
				A4BBE7D31DA8DC9A00ED3CF2 /* btn_user_selected@2x.png */,
				A4BBE7D41DA8DC9A00ED3CF2 /* btn_user_selected@3x.png */,
				A4BBE7C91DA8DC4C00ED3CF2 /* btn_column_normal@2x.png */,
				A4BBE7CA1DA8DC4C00ED3CF2 /* btn_column_normal@3x.png */,
				A4BBE7CB1DA8DC4C00ED3CF2 /* btn_column_selected@2x.png */,
				A4BBE7CC1DA8DC4C00ED3CF2 /* btn_column_selected@3x.png */,
				A4BBE7C11DA8DBAE00ED3CF2 /* btn_home_normal@2x.png */,
				A4BBE7C21DA8DBAE00ED3CF2 /* btn_home_normal@3x.png */,
				A4BBE7C31DA8DBAE00ED3CF2 /* btn_home_selected@2x.png */,
				A4BBE7C41DA8DBAE00ED3CF2 /* btn_home_selected@3x.png */,
			);
			path = Source;
			sourceTree = "<group>";
		};
		A4BBE7E71DA93BFB00ED3CF2 /* Tool */ = {
			isa = PBXGroup;
			children = (
				A4BBE7E81DA93C1700ED3CF2 /* UIBarButtonItem-Extension.swift */,
			);
			path = Tool;
			sourceTree = "<group>";
		};
		A4EE6CF41DC8D99900B96C8D /* Tools */ = {
			isa = PBXGroup;
			children = (
				A4EE6CF51DC8D9C500B96C8D /* PYNetworkTool.swift */,
				A46F91B71DD0123100E402DC /* PlayFish-Bridging-Header.h */,
				A486A3171DD0154D008B4E5E /* PYCacheTool.swift */,
			);
			path = Tools;
			sourceTree = "<group>";
		};
		D1A9BFEB266C9E7671AB26E5 /* Frameworks */ = {
			isa = PBXGroup;
			children = (
				A46F916D1DD00DFA00E402DC /* libsqlite3.0.tbd */,
				7252F647778844739FD882BE /* Pods_PlayFish.framework */,
			);
			name = Frameworks;
			sourceTree = "<group>";
		};
/* End PBXGroup section */

/* Begin PBXNativeTarget section */
		A4BBE78D1DA8C6CE00ED3CF2 /* PlayFish */ = {
			isa = PBXNativeTarget;
			buildConfigurationList = A4BBE7A01DA8C6CE00ED3CF2 /* Build configuration list for PBXNativeTarget "PlayFish" */;
			buildPhases = (
				223D354BAAC26C71B88767EC /* [CP] Check Pods Manifest.lock */,
				A4BBE78A1DA8C6CE00ED3CF2 /* Sources */,
				A4BBE78B1DA8C6CE00ED3CF2 /* Frameworks */,
				A4BBE78C1DA8C6CE00ED3CF2 /* Resources */,
				78122E4B18EC630D4136BE0C /* [CP] Embed Pods Frameworks */,
				8C88F1C70178D54A67CD7B7C /* [CP] Copy Pods Resources */,
			);
			buildRules = (
			);
			dependencies = (
			);
			name = PlayFish;
			productName = PlayFish;
			productReference = A4BBE78E1DA8C6CE00ED3CF2 /* PlayFish.app */;
			productType = "com.apple.product-type.application";
		};
/* End PBXNativeTarget section */

/* Begin PBXProject section */
		A4BBE7861DA8C6CE00ED3CF2 /* Project object */ = {
			isa = PBXProject;
			attributes = {
				LastSwiftUpdateCheck = 0800;
				LastUpgradeCheck = 0800;
				ORGANIZATIONNAME = sun;
				TargetAttributes = {
					A4BBE78D1DA8C6CE00ED3CF2 = {
						CreatedOnToolsVersion = 8.0;
						DevelopmentTeam = 582Q49ZKFZ;
						LastSwiftMigration = 0810;
						ProvisioningStyle = Automatic;
					};
				};
			};
			buildConfigurationList = A4BBE7891DA8C6CE00ED3CF2 /* Build configuration list for PBXProject "PlayFish" */;
			compatibilityVersion = "Xcode 3.2";
			developmentRegion = English;
			hasScannedForEncodings = 0;
			knownRegions = (
				en,
				Base,
			);
			mainGroup = A4BBE7851DA8C6CD00ED3CF2;
			productRefGroup = A4BBE78F1DA8C6CE00ED3CF2 /* Products */;
			projectDirPath = "";
			projectRoot = "";
			targets = (
				A4BBE78D1DA8C6CE00ED3CF2 /* PlayFish */,
			);
		};
/* End PBXProject section */

/* Begin PBXResourcesBuildPhase section */
		A4BBE78C1DA8C6CE00ED3CF2 /* Resources */ = {
			isa = PBXResourcesBuildPhase;
			buildActionMask = 2147483647;
			files = (
				A4BBE7DD1DA8DD1600ED3CF2 /* btn_l_attention_selected@2x.png in Resources */,
				A4BBE7CF1DA8DC4C00ED3CF2 /* btn_column_selected@2x.png in Resources */,
				A4BBE7C81DA8DBAE00ED3CF2 /* btn_home_selected@3x.png in Resources */,
				A4BBE7991DA8C6CE00ED3CF2 /* Assets.xcassets in Resources */,
				A4BBE7CE1DA8DC4C00ED3CF2 /* btn_column_normal@3x.png in Resources */,
				A4BBE7CD1DA8DC4C00ED3CF2 /* btn_column_normal@2x.png in Resources */,
				A4BBE7D51DA8DC9A00ED3CF2 /* btn_user_normal@2x.png in Resources */,
				A4BBE7E01DA8DD1600ED3CF2 /* btn_l_attention_normal@3x.png in Resources */,
				A4BBE7DF1DA8DD1600ED3CF2 /* btn_l_attention_normal@2x.png in Resources */,
				A4BBE7D81DA8DC9A00ED3CF2 /* btn_user_selected@3x.png in Resources */,
				A4BBE7D61DA8DC9A00ED3CF2 /* btn_user_normal@3x.png in Resources */,
				A4BBE7D01DA8DC4C00ED3CF2 /* btn_column_selected@3x.png in Resources */,
				A4BBE7DE1DA8DD1600ED3CF2 /* btn_l_attention_selected@3x.png in Resources */,
				A4BBE7C71DA8DBAE00ED3CF2 /* btn_home_selected@2x.png in Resources */,
				A4BBE7C51DA8DBAE00ED3CF2 /* btn_home_normal@2x.png in Resources */,
				A4BBE7C61DA8DBAE00ED3CF2 /* btn_home_normal@3x.png in Resources */,
				A4BBE7D71DA8DC9A00ED3CF2 /* btn_user_selected@2x.png in Resources */,
			);
			runOnlyForDeploymentPostprocessing = 0;
		};
/* End PBXResourcesBuildPhase section */

/* Begin PBXShellScriptBuildPhase section */
		223D354BAAC26C71B88767EC /* [CP] Check Pods Manifest.lock */ = {
			isa = PBXShellScriptBuildPhase;
			buildActionMask = 2147483647;
			files = (
			);
			inputPaths = (
			);
			name = "[CP] Check Pods Manifest.lock";
			outputPaths = (
			);
			runOnlyForDeploymentPostprocessing = 0;
			shellPath = /bin/sh;
			shellScript = "diff \"${PODS_ROOT}/../Podfile.lock\" \"${PODS_ROOT}/Manifest.lock\" > /dev/null\nif [[ $? != 0 ]] ; then\n    cat << EOM\nerror: The sandbox is not in sync with the Podfile.lock. Run 'pod install' or update your CocoaPods installation.\nEOM\n    exit 1\nfi\n";
			showEnvVarsInLog = 0;
		};
		78122E4B18EC630D4136BE0C /* [CP] Embed Pods Frameworks */ = {
			isa = PBXShellScriptBuildPhase;
			buildActionMask = 2147483647;
			files = (
			);
			inputPaths = (
			);
			name = "[CP] Embed Pods Frameworks";
			outputPaths = (
			);
			runOnlyForDeploymentPostprocessing = 0;
			shellPath = /bin/sh;
			shellScript = "\"${SRCROOT}/Pods/Target Support Files/Pods-PlayFish/Pods-PlayFish-frameworks.sh\"\n";
			showEnvVarsInLog = 0;
		};
		8C88F1C70178D54A67CD7B7C /* [CP] Copy Pods Resources */ = {
			isa = PBXShellScriptBuildPhase;
			buildActionMask = 2147483647;
			files = (
			);
			inputPaths = (
			);
			name = "[CP] Copy Pods Resources";
			outputPaths = (
			);
			runOnlyForDeploymentPostprocessing = 0;
			shellPath = /bin/sh;
			shellScript = "\"${SRCROOT}/Pods/Target Support Files/Pods-PlayFish/Pods-PlayFish-resources.sh\"\n";
			showEnvVarsInLog = 0;
		};
/* End PBXShellScriptBuildPhase section */

/* Begin PBXSourcesBuildPhase section */
		A4BBE78A1DA8C6CE00ED3CF2 /* Sources */ = {
			isa = PBXSourcesBuildPhase;
			buildActionMask = 2147483647;
			files = (
				A4AB6D6B1DC4511E007ED994 /* RecomandController.swift in Sources */,
				A46F910A1DCD935800E402DC /* RecommandViewModel.swift in Sources */,
				A46F91B41DD011BB00E402DC /* FMResultSet.m in Sources */,
				A448B43A1DCB818F00A1D1EB /* PrettyCell.swift in Sources */,
				A48C7E911DB7D3EB0079E2CC /* TestView.swift in Sources */,
				A46F91B11DD011BB00E402DC /* FMDatabaseAdditions.m in Sources */,
				A46F910E1DCF352500E402DC /* AnchorModel.swift in Sources */,
				A4B75FE21DBCBBB30017570B /* PageCollectionViewCell.swift in Sources */,
				A4BBE7BC1DA8C9D000ED3CF2 /* HomeController.swift in Sources */,
				A46F91101DCF35FD00E402DC /* AnchorGroup.swift in Sources */,
				A4BBE7BA1DA8C9B800ED3CF2 /* PFTabBarController.swift in Sources */,
				A4BBE7B81DA8C9A500ED3CF2 /* PFBaseController.swift in Sources */,
				A4BBE7E21DA9155000ED3CF2 /* BroadCastController.swift in Sources */,
				A4BBE7E61DA9157100ED3CF2 /* MineController.swift in Sources */,
				A48C7E8F1DB78F7B0079E2CC /* UIBarButtonItem+Extension.swift in Sources */,
				A46F910C1DCD950800E402DC /* Date+Extension.swift in Sources */,
				A46F91B21DD011BB00E402DC /* FMDatabasePool.m in Sources */,
				A4BBE7921DA8C6CE00ED3CF2 /* AppDelegate.swift in Sources */,
				A46F91B01DD011BB00E402DC /* FMDatabase.m in Sources */,
				A4BBE7BE1DA8C9E700ED3CF2 /* PFNavigationController.swift in Sources */,
				A448B4381DCB817500A1D1EB /* HotCell.swift in Sources */,
				A4BBE7E41DA9156400ED3CF2 /* AttentionController.swift in Sources */,
				A478E8051DBA33F800DE704F /* PageContentView.swift in Sources */,
				A48C7E8D1DB78C560079E2CC /* UIView+Extension.swift in Sources */,
				A486A3181DD0154D008B4E5E /* PYCacheTool.swift in Sources */,
				A4BBE7E91DA93C1700ED3CF2 /* UIBarButtonItem-Extension.swift in Sources */,
				A448B43C1DCC189800A1D1EB /* CollectionViewHeaderView.swift in Sources */,
				A4EE6CF61DC8D9C500B96C8D /* PYNetworkTool.swift in Sources */,
				A46F91B31DD011BB00E402DC /* FMDatabaseQueue.m in Sources */,
			);
			runOnlyForDeploymentPostprocessing = 0;
		};
/* End PBXSourcesBuildPhase section */

/* Begin XCBuildConfiguration section */
		A4BBE79E1DA8C6CE00ED3CF2 /* Debug */ = {
			isa = XCBuildConfiguration;
			buildSettings = {
				ALWAYS_SEARCH_USER_PATHS = NO;
				CLANG_ANALYZER_NONNULL = YES;
				CLANG_CXX_LANGUAGE_STANDARD = "gnu++0x";
				CLANG_CXX_LIBRARY = "libc++";
				CLANG_ENABLE_MODULES = YES;
				CLANG_ENABLE_OBJC_ARC = YES;
				CLANG_WARN_BOOL_CONVERSION = YES;
				CLANG_WARN_CONSTANT_CONVERSION = YES;
				CLANG_WARN_DIRECT_OBJC_ISA_USAGE = YES_ERROR;
				CLANG_WARN_DOCUMENTATION_COMMENTS = YES;
				CLANG_WARN_EMPTY_BODY = YES;
				CLANG_WARN_ENUM_CONVERSION = YES;
				CLANG_WARN_INFINITE_RECURSION = YES;
				CLANG_WARN_INT_CONVERSION = YES;
				CLANG_WARN_OBJC_ROOT_CLASS = YES_ERROR;
				CLANG_WARN_SUSPICIOUS_MOVES = YES;
				CLANG_WARN_UNREACHABLE_CODE = YES;
				CLANG_WARN__DUPLICATE_METHOD_MATCH = YES;
				"CODE_SIGN_IDENTITY[sdk=iphoneos*]" = "iPhone Developer";
				COPY_PHASE_STRIP = NO;
				DEBUG_INFORMATION_FORMAT = dwarf;
				ENABLE_STRICT_OBJC_MSGSEND = YES;
				ENABLE_TESTABILITY = YES;
				GCC_C_LANGUAGE_STANDARD = gnu99;
				GCC_DYNAMIC_NO_PIC = NO;
				GCC_NO_COMMON_BLOCKS = YES;
				GCC_OPTIMIZATION_LEVEL = 0;
				GCC_PREPROCESSOR_DEFINITIONS = (
					"DEBUG=1",
					"$(inherited)",
				);
				GCC_WARN_64_TO_32_BIT_CONVERSION = YES;
				GCC_WARN_ABOUT_RETURN_TYPE = YES_ERROR;
				GCC_WARN_UNDECLARED_SELECTOR = YES;
				GCC_WARN_UNINITIALIZED_AUTOS = YES_AGGRESSIVE;
				GCC_WARN_UNUSED_FUNCTION = YES;
				GCC_WARN_UNUSED_VARIABLE = YES;
				IPHONEOS_DEPLOYMENT_TARGET = 10.0;
				MTL_ENABLE_DEBUG_INFO = YES;
				ONLY_ACTIVE_ARCH = YES;
				SDKROOT = iphoneos;
				SWIFT_ACTIVE_COMPILATION_CONDITIONS = DEBUG;
				SWIFT_OPTIMIZATION_LEVEL = "-Onone";
			};
			name = Debug;
		};
		A4BBE79F1DA8C6CE00ED3CF2 /* Release */ = {
			isa = XCBuildConfiguration;
			buildSettings = {
				ALWAYS_SEARCH_USER_PATHS = NO;
				CLANG_ANALYZER_NONNULL = YES;
				CLANG_CXX_LANGUAGE_STANDARD = "gnu++0x";
				CLANG_CXX_LIBRARY = "libc++";
				CLANG_ENABLE_MODULES = YES;
				CLANG_ENABLE_OBJC_ARC = YES;
				CLANG_WARN_BOOL_CONVERSION = YES;
				CLANG_WARN_CONSTANT_CONVERSION = YES;
				CLANG_WARN_DIRECT_OBJC_ISA_USAGE = YES_ERROR;
				CLANG_WARN_DOCUMENTATION_COMMENTS = YES;
				CLANG_WARN_EMPTY_BODY = YES;
				CLANG_WARN_ENUM_CONVERSION = YES;
				CLANG_WARN_INFINITE_RECURSION = YES;
				CLANG_WARN_INT_CONVERSION = YES;
				CLANG_WARN_OBJC_ROOT_CLASS = YES_ERROR;
				CLANG_WARN_SUSPICIOUS_MOVES = YES;
				CLANG_WARN_UNREACHABLE_CODE = YES;
				CLANG_WARN__DUPLICATE_METHOD_MATCH = YES;
				"CODE_SIGN_IDENTITY[sdk=iphoneos*]" = "iPhone Developer";
				COPY_PHASE_STRIP = NO;
				DEBUG_INFORMATION_FORMAT = "dwarf-with-dsym";
				ENABLE_NS_ASSERTIONS = NO;
				ENABLE_STRICT_OBJC_MSGSEND = YES;
				GCC_C_LANGUAGE_STANDARD = gnu99;
				GCC_NO_COMMON_BLOCKS = YES;
				GCC_WARN_64_TO_32_BIT_CONVERSION = YES;
				GCC_WARN_ABOUT_RETURN_TYPE = YES_ERROR;
				GCC_WARN_UNDECLARED_SELECTOR = YES;
				GCC_WARN_UNINITIALIZED_AUTOS = YES_AGGRESSIVE;
				GCC_WARN_UNUSED_FUNCTION = YES;
				GCC_WARN_UNUSED_VARIABLE = YES;
				IPHONEOS_DEPLOYMENT_TARGET = 10.0;
				MTL_ENABLE_DEBUG_INFO = NO;
				SDKROOT = iphoneos;
				SWIFT_OPTIMIZATION_LEVEL = "-Owholemodule";
				VALIDATE_PRODUCT = YES;
			};
			name = Release;
		};
		A4BBE7A11DA8C6CE00ED3CF2 /* Debug */ = {
			isa = XCBuildConfiguration;
			baseConfigurationReference = E1EB7E68472299BB5F3B9571 /* Pods-PlayFish.debug.xcconfig */;
			buildSettings = {
				ASSETCATALOG_COMPILER_APPICON_NAME = AppIcon;
				ASSETCATALOG_COMPILER_LAUNCHIMAGE_NAME = LaunchImage;
				CLANG_ENABLE_MODULES = YES;
				DEVELOPMENT_TEAM = 582Q49ZKFZ;
				INFOPLIST_FILE = PlayFish/Info.plist;
				IPHONEOS_DEPLOYMENT_TARGET = 9.0;
				LD_RUNPATH_SEARCH_PATHS = "$(inherited) @executable_path/Frameworks";
				PRODUCT_BUNDLE_IDENTIFIER = com.venlei.PlayFish;
				PRODUCT_NAME = "$(TARGET_NAME)";
				SWIFT_OBJC_BRIDGING_HEADER = "PlayFish/Main/Tools/PlayFish-Bridging-Header.h";
				SWIFT_OPTIMIZATION_LEVEL = "-Onone";
				SWIFT_VERSION = 3.0;
			};
			name = Debug;
		};
		A4BBE7A21DA8C6CE00ED3CF2 /* Release */ = {
			isa = XCBuildConfiguration;
			baseConfigurationReference = E290CAB06BC71ED48E9A2109 /* Pods-PlayFish.release.xcconfig */;
			buildSettings = {
				ASSETCATALOG_COMPILER_APPICON_NAME = AppIcon;
				ASSETCATALOG_COMPILER_LAUNCHIMAGE_NAME = LaunchImage;
				CLANG_ENABLE_MODULES = YES;
				DEVELOPMENT_TEAM = 582Q49ZKFZ;
				INFOPLIST_FILE = PlayFish/Info.plist;
				IPHONEOS_DEPLOYMENT_TARGET = 9.0;
				LD_RUNPATH_SEARCH_PATHS = "$(inherited) @executable_path/Frameworks";
				PRODUCT_BUNDLE_IDENTIFIER = com.venlei.PlayFish;
				PRODUCT_NAME = "$(TARGET_NAME)";
				SWIFT_OBJC_BRIDGING_HEADER = "PlayFish/Main/Tools/PlayFish-Bridging-Header.h";
				SWIFT_VERSION = 3.0;
			};
			name = Release;
		};
/* End XCBuildConfiguration section */

/* Begin XCConfigurationList section */
		A4BBE7891DA8C6CE00ED3CF2 /* Build configuration list for PBXProject "PlayFish" */ = {
			isa = XCConfigurationList;
			buildConfigurations = (
				A4BBE79E1DA8C6CE00ED3CF2 /* Debug */,
				A4BBE79F1DA8C6CE00ED3CF2 /* Release */,
			);
			defaultConfigurationIsVisible = 0;
			defaultConfigurationName = Release;
		};
		A4BBE7A01DA8C6CE00ED3CF2 /* Build configuration list for PBXNativeTarget "PlayFish" */ = {
			isa = XCConfigurationList;
			buildConfigurations = (
				A4BBE7A11DA8C6CE00ED3CF2 /* Debug */,
				A4BBE7A21DA8C6CE00ED3CF2 /* Release */,
			);
			defaultConfigurationIsVisible = 0;
			defaultConfigurationName = Release;
		};
/* End XCConfigurationList section */
	};
	rootObject = A4BBE7861DA8C6CE00ED3CF2 /* Project object */;
}
